
Microsoft Visual Studio Solution File, Format Version 12.00
# Visual Studio Version 17
VisualStudioVersion = 17.6.33801.468
MinimumVisualStudioVersion = 10.0.40219.1
Project("{FAE04EC0-301F-11D3-BF4B-00C04F79EFBC}") = "CRUD-Clientes", "CRUD-Clientes\CRUD-Clientes.csproj", "{05891656-18B8-4509-9FBA-8F4BAC2D9FEA}"
EndProject
Global
	GlobalSection(SolutionConfigurationPlatforms) = preSolution
		Debug|Any CPU = Debug|Any CPU
		Release|Any CPU = Release|Any CPU
	EndGlobalSection
	GlobalSection(ProjectConfigurationPlatforms) = postSolution
		{05891656-18B8-4509-9FBA-8F4BAC2D9FEA}.Debug|Any CPU.ActiveCfg = Debug|Any CPU
		{05891656-18B8-4509-9FBA-8F4BAC2D9FEA}.Debug|Any CPU.Build.0 = Debug|Any CPU
		{05891656-18B8-4509-9FBA-8F4BAC2D9FEA}.Release|Any CPU.ActiveCfg = Release|Any CPU
		{05891656-18B8-4509-9FBA-8F4BAC2D9FEA}.Release|Any CPU.Build.0 = Release|Any CPU
	EndGlobalSection
	GlobalSection(SolutionProperties) = preSolution
		HideSolutionNode = FALSE
	EndGlobalSection
	GlobalSection(ExtensibilityGlobals) = postSolution
		SolutionGuid = {8BF6E18E-3B16-456D-B1C7-4FF8FB07D213}
	EndGlobalSection
EndGlobal
